
Microsoft Visual Studio Solution File, Format Version 11.00
# Visual Studio 2010
Project("{FAE04EC0-301F-11D3-BF4B-00C04F79EFBC}") = "GitHubSoap.Domain", "GitHubSoap.Domain\GitHubSoap.Domain.csproj", "{AE19EDD8-008F-4659-95BF-FEC2BAF69326}"
EndProject
Project("{FAE04EC0-301F-11D3-BF4B-00C04F79EFBC}") = "GitHubSoap.Broker", "GitHubSoap.Broker\GitHubSoap.Broker.csproj", "{5C576ED2-AA2A-4AA8-A488-0BA370DAE44C}"
EndProject
Project("{FAE04EC0-301F-11D3-BF4B-00C04F79EFBC}") = "GitHubSoap.Client", "GitHubSoap.Client\GitHubSoap.Client.csproj", "{CB4E8404-85EC-4FE6-9453-7C47142907B8}"
EndProject
Project("{FAE04EC0-301F-11D3-BF4B-00C04F79EFBC}") = "GitHubSoap.Client.Forms", "GitHubSoap.Client.Forms\GitHubSoap.Client.Forms.csproj", "{A2B978FE-9BBC-4FED-B049-D55C47A77300}"
EndProject
Global
	GlobalSection(SolutionConfigurationPlatforms) = preSolution
		Debug|Any CPU = Debug|Any CPU
		Debug|Mixed Platforms = Debug|Mixed Platforms
		Debug|x86 = Debug|x86
		Release|Any CPU = Release|Any CPU
		Release|Mixed Platforms = Release|Mixed Platforms
		Release|x86 = Release|x86
	EndGlobalSection
	GlobalSection(ProjectConfigurationPlatforms) = postSolution
		{AE19EDD8-008F-4659-95BF-FEC2BAF69326}.Debug|Any CPU.ActiveCfg = Debug|Any CPU
		{AE19EDD8-008F-4659-95BF-FEC2BAF69326}.Debug|Any CPU.Build.0 = Debug|Any CPU
		{AE19EDD8-008F-4659-95BF-FEC2BAF69326}.Debug|Mixed Platforms.ActiveCfg = Debug|Any CPU
		{AE19EDD8-008F-4659-95BF-FEC2BAF69326}.Debug|Mixed Platforms.Build.0 = Debug|Any CPU
		{AE19EDD8-008F-4659-95BF-FEC2BAF69326}.Debug|x86.ActiveCfg = Debug|Any CPU
		{AE19EDD8-008F-4659-95BF-FEC2BAF69326}.Release|Any CPU.ActiveCfg = Release|Any CPU
		{AE19EDD8-008F-4659-95BF-FEC2BAF69326}.Release|Any CPU.Build.0 = Release|Any CPU
		{AE19EDD8-008F-4659-95BF-FEC2BAF69326}.Release|Mixed Platforms.ActiveCfg = Release|Any CPU
		{AE19EDD8-008F-4659-95BF-FEC2BAF69326}.Release|Mixed Platforms.Build.0 = Release|Any CPU
		{AE19EDD8-008F-4659-95BF-FEC2BAF69326}.Release|x86.ActiveCfg = Release|Any CPU
		{5C576ED2-AA2A-4AA8-A488-0BA370DAE44C}.Debug|Any CPU.ActiveCfg = Debug|x86
		{5C576ED2-AA2A-4AA8-A488-0BA370DAE44C}.Debug|Mixed Platforms.ActiveCfg = Debug|x86
		{5C576ED2-AA2A-4AA8-A488-0BA370DAE44C}.Debug|Mixed Platforms.Build.0 = Debug|x86
		{5C576ED2-AA2A-4AA8-A488-0BA370DAE44C}.Debug|x86.ActiveCfg = Debug|x86
		{5C576ED2-AA2A-4AA8-A488-0BA370DAE44C}.Debug|x86.Build.0 = Debug|x86
		{5C576ED2-AA2A-4AA8-A488-0BA370DAE44C}.Release|Any CPU.ActiveCfg = Release|x86
		{5C576ED2-AA2A-4AA8-A488-0BA370DAE44C}.Release|Mixed Platforms.ActiveCfg = Release|x86
		{5C576ED2-AA2A-4AA8-A488-0BA370DAE44C}.Release|Mixed Platforms.Build.0 = Release|x86
		{5C576ED2-AA2A-4AA8-A488-0BA370DAE44C}.Release|x86.ActiveCfg = Release|x86
		{5C576ED2-AA2A-4AA8-A488-0BA370DAE44C}.Release|x86.Build.0 = Release|x86
		{CB4E8404-85EC-4FE6-9453-7C47142907B8}.Debug|Any CPU.ActiveCfg = Debug|x86
		{CB4E8404-85EC-4FE6-9453-7C47142907B8}.Debug|Mixed Platforms.ActiveCfg = Debug|x86
		{CB4E8404-85EC-4FE6-9453-7C47142907B8}.Debug|Mixed Platforms.Build.0 = Debug|x86
		{CB4E8404-85EC-4FE6-9453-7C47142907B8}.Debug|x86.ActiveCfg = Debug|x86
		{CB4E8404-85EC-4FE6-9453-7C47142907B8}.Debug|x86.Build.0 = Debug|x86
		{CB4E8404-85EC-4FE6-9453-7C47142907B8}.Release|Any CPU.ActiveCfg = Release|x86
		{CB4E8404-85EC-4FE6-9453-7C47142907B8}.Release|Mixed Platforms.ActiveCfg = Release|x86
		{CB4E8404-85EC-4FE6-9453-7C47142907B8}.Release|Mixed Platforms.Build.0 = Release|x86
		{CB4E8404-85EC-4FE6-9453-7C47142907B8}.Release|x86.ActiveCfg = Release|x86
		{CB4E8404-85EC-4FE6-9453-7C47142907B8}.Release|x86.Build.0 = Release|x86
		{A2B978FE-9BBC-4FED-B049-D55C47A77300}.Debug|Any CPU.ActiveCfg = Debug|x86
		{A2B978FE-9BBC-4FED-B049-D55C47A77300}.Debug|Mixed Platforms.ActiveCfg = Debug|x86
		{A2B978FE-9BBC-4FED-B049-D55C47A77300}.Debug|Mixed Platforms.Build.0 = Debug|x86
		{A2B978FE-9BBC-4FED-B049-D55C47A77300}.Debug|x86.ActiveCfg = Debug|x86
		{A2B978FE-9BBC-4FED-B049-D55C47A77300}.Debug|x86.Build.0 = Debug|x86
		{A2B978FE-9BBC-4FED-B049-D55C47A77300}.Release|Any CPU.ActiveCfg = Release|x86
		{A2B978FE-9BBC-4FED-B049-D55C47A77300}.Release|Mixed Platforms.ActiveCfg = Release|x86
		{A2B978FE-9BBC-4FED-B049-D55C47A77300}.Release|Mixed Platforms.Build.0 = Release|x86
		{A2B978FE-9BBC-4FED-B049-D55C47A77300}.Release|x86.ActiveCfg = Release|x86
		{A2B978FE-9BBC-4FED-B049-D55C47A77300}.Release|x86.Build.0 = Release|x86
	EndGlobalSection
	GlobalSection(SolutionProperties) = preSolution
		HideSolutionNode = FALSE
	EndGlobalSection
EndGlobal
