
Microsoft Visual Studio Solution File, Format Version 11.00
# Visual Studio 2010
Project("{FAE04EC0-301F-11D3-BF4B-00C04F79EFBC}") = "AtomBlog.Storage", "AtomBlog.Storage\AtomBlog.Storage.csproj", "{E803C91E-8502-4764-A220-D2E9410C3DF6}"
EndProject
Project("{FAE04EC0-301F-11D3-BF4B-00C04F79EFBC}") = "AtomBlog.Core", "AtomBlog.Core\AtomBlog.Core.csproj", "{950C3C10-75BF-4926-987D-F8D8F9B2C238}"
EndProject
Project("{FAE04EC0-301F-11D3-BF4B-00C04F79EFBC}") = "AtomBlog.UI", "AtomBlog.UI\AtomBlog.UI.csproj", "{0936B1E0-775D-425E-AE82-CDFE1A58CD8C}"
EndProject
Project("{FAE04EC0-301F-11D3-BF4B-00C04F79EFBC}") = "AtomBlog.Domain", "AtomBlog.Domain\AtomBlog.Domain.csproj", "{C64F53E0-392A-4F6D-A662-321BB5002074}"
EndProject
Project("{FAE04EC0-301F-11D3-BF4B-00C04F79EFBC}") = "AtomBlog.DocumentRepository.RavenDB", "AtomBlog.DocumentRepository.RavenDB\AtomBlog.DocumentRepository.RavenDB.csproj", "{793EA2A0-C59B-4AF0-8BC1-E22B8EF72CF4}"
EndProject
Project("{FAE04EC0-301F-11D3-BF4B-00C04F79EFBC}") = "AtomBlog.BlogServices", "AtomBlog.BlogServices\AtomBlog.BlogServices.csproj", "{4D2ACE25-B9FB-4BC4-878C-D6C549E7EB81}"
EndProject
Global
	GlobalSection(SolutionConfigurationPlatforms) = preSolution
		Debug|Any CPU = Debug|Any CPU
		Debug|Mixed Platforms = Debug|Mixed Platforms
		Debug|x86 = Debug|x86
		Release|Any CPU = Release|Any CPU
		Release|Mixed Platforms = Release|Mixed Platforms
		Release|x86 = Release|x86
	EndGlobalSection
	GlobalSection(ProjectConfigurationPlatforms) = postSolution
		{E803C91E-8502-4764-A220-D2E9410C3DF6}.Debug|Any CPU.ActiveCfg = Debug|x86
		{E803C91E-8502-4764-A220-D2E9410C3DF6}.Debug|Mixed Platforms.ActiveCfg = Debug|x86
		{E803C91E-8502-4764-A220-D2E9410C3DF6}.Debug|Mixed Platforms.Build.0 = Debug|x86
		{E803C91E-8502-4764-A220-D2E9410C3DF6}.Debug|x86.ActiveCfg = Debug|x86
		{E803C91E-8502-4764-A220-D2E9410C3DF6}.Debug|x86.Build.0 = Debug|x86
		{E803C91E-8502-4764-A220-D2E9410C3DF6}.Release|Any CPU.ActiveCfg = Release|x86
		{E803C91E-8502-4764-A220-D2E9410C3DF6}.Release|Mixed Platforms.ActiveCfg = Release|x86
		{E803C91E-8502-4764-A220-D2E9410C3DF6}.Release|Mixed Platforms.Build.0 = Release|x86
		{E803C91E-8502-4764-A220-D2E9410C3DF6}.Release|x86.ActiveCfg = Release|x86
		{E803C91E-8502-4764-A220-D2E9410C3DF6}.Release|x86.Build.0 = Release|x86
		{950C3C10-75BF-4926-987D-F8D8F9B2C238}.Debug|Any CPU.ActiveCfg = Debug|Any CPU
		{950C3C10-75BF-4926-987D-F8D8F9B2C238}.Debug|Any CPU.Build.0 = Debug|Any CPU
		{950C3C10-75BF-4926-987D-F8D8F9B2C238}.Debug|Mixed Platforms.ActiveCfg = Debug|Any CPU
		{950C3C10-75BF-4926-987D-F8D8F9B2C238}.Debug|Mixed Platforms.Build.0 = Debug|Any CPU
		{950C3C10-75BF-4926-987D-F8D8F9B2C238}.Debug|x86.ActiveCfg = Debug|Any CPU
		{950C3C10-75BF-4926-987D-F8D8F9B2C238}.Release|Any CPU.ActiveCfg = Release|Any CPU
		{950C3C10-75BF-4926-987D-F8D8F9B2C238}.Release|Any CPU.Build.0 = Release|Any CPU
		{950C3C10-75BF-4926-987D-F8D8F9B2C238}.Release|Mixed Platforms.ActiveCfg = Release|Any CPU
		{950C3C10-75BF-4926-987D-F8D8F9B2C238}.Release|Mixed Platforms.Build.0 = Release|Any CPU
		{950C3C10-75BF-4926-987D-F8D8F9B2C238}.Release|x86.ActiveCfg = Release|Any CPU
		{0936B1E0-775D-425E-AE82-CDFE1A58CD8C}.Debug|Any CPU.ActiveCfg = Debug|Any CPU
		{0936B1E0-775D-425E-AE82-CDFE1A58CD8C}.Debug|Any CPU.Build.0 = Debug|Any CPU
		{0936B1E0-775D-425E-AE82-CDFE1A58CD8C}.Debug|Mixed Platforms.ActiveCfg = Debug|Any CPU
		{0936B1E0-775D-425E-AE82-CDFE1A58CD8C}.Debug|Mixed Platforms.Build.0 = Debug|Any CPU
		{0936B1E0-775D-425E-AE82-CDFE1A58CD8C}.Debug|x86.ActiveCfg = Debug|Any CPU
		{0936B1E0-775D-425E-AE82-CDFE1A58CD8C}.Release|Any CPU.ActiveCfg = Release|Any CPU
		{0936B1E0-775D-425E-AE82-CDFE1A58CD8C}.Release|Any CPU.Build.0 = Release|Any CPU
		{0936B1E0-775D-425E-AE82-CDFE1A58CD8C}.Release|Mixed Platforms.ActiveCfg = Release|Any CPU
		{0936B1E0-775D-425E-AE82-CDFE1A58CD8C}.Release|Mixed Platforms.Build.0 = Release|Any CPU
		{0936B1E0-775D-425E-AE82-CDFE1A58CD8C}.Release|x86.ActiveCfg = Release|Any CPU
		{C64F53E0-392A-4F6D-A662-321BB5002074}.Debug|Any CPU.ActiveCfg = Debug|Any CPU
		{C64F53E0-392A-4F6D-A662-321BB5002074}.Debug|Any CPU.Build.0 = Debug|Any CPU
		{C64F53E0-392A-4F6D-A662-321BB5002074}.Debug|Mixed Platforms.ActiveCfg = Debug|Any CPU
		{C64F53E0-392A-4F6D-A662-321BB5002074}.Debug|Mixed Platforms.Build.0 = Debug|Any CPU
		{C64F53E0-392A-4F6D-A662-321BB5002074}.Debug|x86.ActiveCfg = Debug|Any CPU
		{C64F53E0-392A-4F6D-A662-321BB5002074}.Release|Any CPU.ActiveCfg = Release|Any CPU
		{C64F53E0-392A-4F6D-A662-321BB5002074}.Release|Any CPU.Build.0 = Release|Any CPU
		{C64F53E0-392A-4F6D-A662-321BB5002074}.Release|Mixed Platforms.ActiveCfg = Release|Any CPU
		{C64F53E0-392A-4F6D-A662-321BB5002074}.Release|Mixed Platforms.Build.0 = Release|Any CPU
		{C64F53E0-392A-4F6D-A662-321BB5002074}.Release|x86.ActiveCfg = Release|Any CPU
		{793EA2A0-C59B-4AF0-8BC1-E22B8EF72CF4}.Debug|Any CPU.ActiveCfg = Debug|Any CPU
		{793EA2A0-C59B-4AF0-8BC1-E22B8EF72CF4}.Debug|Any CPU.Build.0 = Debug|Any CPU
		{793EA2A0-C59B-4AF0-8BC1-E22B8EF72CF4}.Debug|Mixed Platforms.ActiveCfg = Debug|Any CPU
		{793EA2A0-C59B-4AF0-8BC1-E22B8EF72CF4}.Debug|Mixed Platforms.Build.0 = Debug|Any CPU
		{793EA2A0-C59B-4AF0-8BC1-E22B8EF72CF4}.Debug|x86.ActiveCfg = Debug|Any CPU
		{793EA2A0-C59B-4AF0-8BC1-E22B8EF72CF4}.Release|Any CPU.ActiveCfg = Release|Any CPU
		{793EA2A0-C59B-4AF0-8BC1-E22B8EF72CF4}.Release|Any CPU.Build.0 = Release|Any CPU
		{793EA2A0-C59B-4AF0-8BC1-E22B8EF72CF4}.Release|Mixed Platforms.ActiveCfg = Release|Any CPU
		{793EA2A0-C59B-4AF0-8BC1-E22B8EF72CF4}.Release|Mixed Platforms.Build.0 = Release|Any CPU
		{793EA2A0-C59B-4AF0-8BC1-E22B8EF72CF4}.Release|x86.ActiveCfg = Release|Any CPU
		{4D2ACE25-B9FB-4BC4-878C-D6C549E7EB81}.Debug|Any CPU.ActiveCfg = Debug|Any CPU
		{4D2ACE25-B9FB-4BC4-878C-D6C549E7EB81}.Debug|Any CPU.Build.0 = Debug|Any CPU
		{4D2ACE25-B9FB-4BC4-878C-D6C549E7EB81}.Debug|Mixed Platforms.ActiveCfg = Debug|Any CPU
		{4D2ACE25-B9FB-4BC4-878C-D6C549E7EB81}.Debug|Mixed Platforms.Build.0 = Debug|Any CPU
		{4D2ACE25-B9FB-4BC4-878C-D6C549E7EB81}.Debug|x86.ActiveCfg = Debug|Any CPU
		{4D2ACE25-B9FB-4BC4-878C-D6C549E7EB81}.Release|Any CPU.ActiveCfg = Release|Any CPU
		{4D2ACE25-B9FB-4BC4-878C-D6C549E7EB81}.Release|Any CPU.Build.0 = Release|Any CPU
		{4D2ACE25-B9FB-4BC4-878C-D6C549E7EB81}.Release|Mixed Platforms.ActiveCfg = Release|Any CPU
		{4D2ACE25-B9FB-4BC4-878C-D6C549E7EB81}.Release|Mixed Platforms.Build.0 = Release|Any CPU
		{4D2ACE25-B9FB-4BC4-878C-D6C549E7EB81}.Release|x86.ActiveCfg = Release|Any CPU
	EndGlobalSection
	GlobalSection(SolutionProperties) = preSolution
		HideSolutionNode = FALSE
	EndGlobalSection
EndGlobal
